<?xml version="1.0" encoding="utf-8"?>
<Project ToolsVersion="4.0" xmlns="http://schemas.microsoft.com/developer/msbuild/2003">
  <ItemGroup>
    <Filter Include="Engine">
      <UniqueIdentifier>{75eff745-d9f3-4a90-89bf-c7fb18059ca0}</UniqueIdentifier>
    </Filter>
    <Filter Include="Engine\Entity Hierarchy">
      <UniqueIdentifier>{639c4838-c7b8-402d-9eb5-0178424465dd}</UniqueIdentifier>
    </Filter>
    <Filter Include="Game">
      <UniqueIdentifier>{fb6c53a3-6064-43f3-bc6b-2f967c483b3a}</UniqueIdentifier>
    </Filter>
  </ItemGroup>
  <ItemGroup>
    <ClCompile Include="main.cpp" />
    <ClCompile Include="Engine\Actor.cpp">
      <Filter>Engine\Entity Hierarchy</Filter>
    </ClCompile>
    <ClCompile Include="Engine\Entity.cpp">
      <Filter>Engine\Entity Hierarchy</Filter>
    </ClCompile>
    <ClCompile Include="Game\Player.cpp">
      <Filter>Game</Filter>
    </ClCompile>
    <ClCompile Include="Game\Game.cpp">
      <Filter>Game</Filter>
    </ClCompile>
    <ClCompile Include="Engine\DebugTools.cpp" />
    <ClCompile Include="Engine\DebugTools\FPSCounter.cpp" />
    <ClCompile Include="Engine\Camera.cpp" />
    <ClCompile Include="Game\Asteroid.cpp" />
  </ItemGroup>
  <ItemGroup>
    <ClInclude Include="Engine\MathTools.h" />
    <ClInclude Include="Engine\Actor.h">
      <Filter>Engine\Entity Hierarchy</Filter>
    </ClInclude>
    <ClInclude Include="Engine\Entity.h">
      <Filter>Engine\Entity Hierarchy</Filter>
    </ClInclude>
    <ClInclude Include="Game\Player.h">
      <Filter>Game</Filter>
    </ClInclude>
    <ClInclude Include="Game\Game.h">
      <Filter>Game</Filter>
    </ClInclude>
    <ClInclude Include="Engine\DebugTools.h" />
    <ClInclude Include="Engine\DebugTools\DebugDecorator.h" />
    <ClInclude Include="Engine\DebugTools\DebugWidget.h" />
    <ClInclude Include="Engine\DebugTools\FPSCounter.h" />
    <ClInclude Include="Engine\Camera.h" />
    <ClInclude Include="Game\Asteroid.h" />
  </ItemGroup>
</Project>