<?xml version="1.0" encoding="utf-8"?>
<Project ToolsVersion="4.0" xmlns="http://schemas.microsoft.com/developer/msbuild/2003">
  <ItemGroup>
    <Filter Include="Engine">
      <UniqueIdentifier>{75eff745-d9f3-4a90-89bf-c7fb18059ca0}</UniqueIdentifier>
    </Filter>
    <Filter Include="Engine\Entity Hierarchy">
      <UniqueIdentifier>{639c4838-c7b8-402d-9eb5-0178424465dd}</UniqueIdentifier>
    </Filter>
    <Filter Include="Game">
      <UniqueIdentifier>{fb6c53a3-6064-43f3-bc6b-2f967c483b3a}</UniqueIdentifier>
    </Filter>
  </ItemGroup>
  <ItemGroup>
    <ClCompile Include="main.cpp" />
    <ClCompile Include="Engine\Actor.cpp">
      <Filter>Engine\Entity Hierarchy</Filter>
    </ClCompile>
    <ClCompile Include="Engine\Entity.cpp">
      <Filter>Engine\Entity Hierarchy</Filter>
    </ClCompile>
    <ClCompile Include="Game\Player.cpp">
      <Filter>Game</Filter>
    </ClCompile>
    <ClCompile Include="Game\Game.cpp">
      <Filter>Game</Filter>
    </ClCompile>
    <ClCompile Include="Engine\DebugTools.cpp" />
    <ClCompile Include="Engine\DebugTools\FPSCounter.cpp" />
    <ClCompile Include="Engine\Camera.cpp" />
    <ClCompile Include="Game\Asteroid.cpp" />
    <ClCompile Include="Game\Background.cpp" />
    <ClCompile Include="Game\Observer\Observer.cpp" />
    <ClCompile Include="Game\Observer\Subject.cpp" />
    <ClCompile Include="Game\GUI\Gui.cpp" />
    <ClCompile Include="Engine\DebugTools\VersionStamp.cpp" />
    <ClCompile Include="TextureBank.cpp" />
    <ClCompile Include="Game\Ship\Ship.cpp" />
    <ClCompile Include="Game\GUI\GuiText.cpp" />
    <ClCompile Include="Game\Ship\ShipTypes.cpp" />
    <ClCompile Include="Game\Ship\ShipFactory.cpp" />
    <ClCompile Include="Game\States\State.cpp" />
    <ClCompile Include="Game\States\FlyingState.cpp" />
    <ClCompile Include="Game\States\MenuState.cpp" />
    <ClCompile Include="Game\Weapons\Weapon.cpp" />
    <ClCompile Include="Game\Weapons\StandardWeapon.cpp" />
    <ClCompile Include="Game\Station\SpaceStation.cpp" />
    <ClCompile Include="Game\States\StateManger.cpp" />
    <ClCompile Include="Game\States\SpaceStationState.cpp" />
    <ClCompile Include="Game\GUI\RadarPointer.cpp" />
    <ClCompile Include="Engine\Drawable.cpp" />
    <ClCompile Include="Game\GUI\Radar.cpp" />
    <ClCompile Include="Game\Weapons\WeaponFactory.cpp" />
    <ClCompile Include="Game\Weapons\BurstFireWeapon.cpp" />
    <ClCompile Include="Game\Debris.cpp" />
    <ClCompile Include="Game\SplashElement.cpp" />
    <ClCompile Include="Game\States\SplashState.cpp" />
    <ClCompile Include="Game\Bullets\BulletManager.cpp" />
    <ClCompile Include="Game\Bullets\Projectile.cpp" />
    <ClCompile Include="Game\GUI\Cursor.cpp" />
    <ClCompile Include="Game\GUI\HealthBar.cpp" />
  </ItemGroup>
  <ItemGroup>
    <ClInclude Include="Engine\MathTools.h" />
    <ClInclude Include="Engine\Actor.h">
      <Filter>Engine\Entity Hierarchy</Filter>
    </ClInclude>
    <ClInclude Include="Engine\Entity.h">
      <Filter>Engine\Entity Hierarchy</Filter>
    </ClInclude>
    <ClInclude Include="Game\Player.h">
      <Filter>Game</Filter>
    </ClInclude>
    <ClInclude Include="Game\Game.h">
      <Filter>Game</Filter>
    </ClInclude>
    <ClInclude Include="Engine\DebugTools.h" />
    <ClInclude Include="Engine\DebugTools\DebugDecorator.h" />
    <ClInclude Include="Engine\DebugTools\DebugWidget.h" />
    <ClInclude Include="Engine\DebugTools\FPSCounter.h" />
    <ClInclude Include="Engine\Camera.h" />
    <ClInclude Include="Game\Asteroid.h" />
    <ClInclude Include="Game\Background.h" />
    <ClInclude Include="Game\Observer\GameEvents.h" />
    <ClInclude Include="Game\Observer\Observer.h" />
    <ClInclude Include="Game\Observer\Subject.h" />
    <ClInclude Include="Game\GUI\Gui.h" />
    <ClInclude Include="Engine\DebugTools\VersionStamp.h" />
    <ClInclude Include="TextureBank.h" />
    <ClInclude Include="Game\Ship\Ship.h" />
    <ClInclude Include="Game\GUI\GuiText.h" />
    <ClInclude Include="Game\Ship\ShipFactory.h" />
    <ClInclude Include="Game\Ship\ShipTypes.h" />
    <ClInclude Include="Game\States\FlyingState.h" />
    <ClInclude Include="Game\States\State.h" />
    <ClInclude Include="Game\States\MenuState.h" />
    <ClInclude Include="Game\Weapons\Weapon.h" />
    <ClInclude Include="Game\Weapons\StandardWeapon.h" />
    <ClInclude Include="Game\Station\SpaceStation.h" />
    <ClInclude Include="Game\States\StateManger.h" />
    <ClInclude Include="Game\States\SpaceStationState.h" />
    <ClInclude Include="Game\GUI\Radar.h" />
    <ClInclude Include="Game\GUI\RadarPointer.h" />
    <ClInclude Include="Engine\Drawable.h" />
    <ClInclude Include="Game\Weapons\WeaponFactory.h" />
    <ClInclude Include="Game\Weapons\BurstFireWeapon.h" />
    <ClInclude Include="Game\Debris.h" />
    <ClInclude Include="Engine\json.hpp" />
    <ClInclude Include="Game\SplashElement.h" />
    <ClInclude Include="Game\States\SplashState.h" />
    <ClInclude Include="Game\Bullets\BulletManager.h" />
    <ClInclude Include="Game\Bullets\Projectile.h" />
    <ClInclude Include="Game\GUI\Cursor.h" />
    <ClInclude Include="Game\GUI\HealthBar.h" />
  </ItemGroup>
  <ItemGroup>
    <None Include="ClassDiagram.cd" />
  </ItemGroup>
</Project>